
Microsoft Visual Studio Solution File, Format Version 12.00
# Visual Studio 14
VisualStudioVersion = 14.0.23107.0
MinimumVisualStudioVersion = 10.0.40219.1
Project("{FAE04EC0-301F-11D3-BF4B-00C04F79EFBC}") = "ENETCare-IMS-WebApp", "ENETCare-IMS-WebApp\ENETCare-IMS-WebApp.csproj", "{C59BA433-A231-485D-8CDC-93F76048BDB0}"
EndProject
Project("{FAE04EC0-301F-11D3-BF4B-00C04F79EFBC}") = "ENETCare-IMS-WebApp.Tests", "ENETCare-IMS-WebApp.Tests\ENETCare-IMS-WebApp.Tests.csproj", "{F05720F3-B981-4B4B-9714-992D9DFEF7CF}"
EndProject
Project("{FAE04EC0-301F-11D3-BF4B-00C04F79EFBC}") = "ENETCare-IMS", "ENETCare-IMS\ENETCare-IMS.csproj", "{29BC6FCA-C92D-4336-A962-3885B2E6A486}"
EndProject
Project("{FAE04EC0-301F-11D3-BF4B-00C04F79EFBC}") = "ENETCare-IMS-Tests", "ENETCare-IMS-Tests\ENETCare-IMS-Tests.csproj", "{61A39387-C998-45B6-A365-FF16E8AAD74B}"
EndProject
Project("{FAE04EC0-301F-11D3-BF4B-00C04F79EFBC}") = "ENETCare-IMS-Data", "ENETCare-IMS-Data\ENETCare-IMS-Data.csproj", "{F65771E4-D2DF-47F8-9BDC-47B27643639D}"
EndProject
Global
	GlobalSection(SolutionConfigurationPlatforms) = preSolution
		Debug|Any CPU = Debug|Any CPU
		Release|Any CPU = Release|Any CPU
	EndGlobalSection
	GlobalSection(ProjectConfigurationPlatforms) = postSolution
		{C59BA433-A231-485D-8CDC-93F76048BDB0}.Debug|Any CPU.ActiveCfg = Debug|Any CPU
		{C59BA433-A231-485D-8CDC-93F76048BDB0}.Debug|Any CPU.Build.0 = Debug|Any CPU
		{C59BA433-A231-485D-8CDC-93F76048BDB0}.Release|Any CPU.ActiveCfg = Release|Any CPU
		{C59BA433-A231-485D-8CDC-93F76048BDB0}.Release|Any CPU.Build.0 = Release|Any CPU
		{F05720F3-B981-4B4B-9714-992D9DFEF7CF}.Debug|Any CPU.ActiveCfg = Debug|Any CPU
		{F05720F3-B981-4B4B-9714-992D9DFEF7CF}.Debug|Any CPU.Build.0 = Debug|Any CPU
		{F05720F3-B981-4B4B-9714-992D9DFEF7CF}.Release|Any CPU.ActiveCfg = Release|Any CPU
		{F05720F3-B981-4B4B-9714-992D9DFEF7CF}.Release|Any CPU.Build.0 = Release|Any CPU
		{29BC6FCA-C92D-4336-A962-3885B2E6A486}.Debug|Any CPU.ActiveCfg = Debug|Any CPU
		{29BC6FCA-C92D-4336-A962-3885B2E6A486}.Debug|Any CPU.Build.0 = Debug|Any CPU
		{29BC6FCA-C92D-4336-A962-3885B2E6A486}.Release|Any CPU.ActiveCfg = Release|Any CPU
		{29BC6FCA-C92D-4336-A962-3885B2E6A486}.Release|Any CPU.Build.0 = Release|Any CPU
		{61A39387-C998-45B6-A365-FF16E8AAD74B}.Debug|Any CPU.ActiveCfg = Debug|Any CPU
		{61A39387-C998-45B6-A365-FF16E8AAD74B}.Debug|Any CPU.Build.0 = Debug|Any CPU
		{61A39387-C998-45B6-A365-FF16E8AAD74B}.Release|Any CPU.ActiveCfg = Release|Any CPU
		{61A39387-C998-45B6-A365-FF16E8AAD74B}.Release|Any CPU.Build.0 = Release|Any CPU
		{F65771E4-D2DF-47F8-9BDC-47B27643639D}.Debug|Any CPU.ActiveCfg = Debug|Any CPU
		{F65771E4-D2DF-47F8-9BDC-47B27643639D}.Debug|Any CPU.Build.0 = Debug|Any CPU
		{F65771E4-D2DF-47F8-9BDC-47B27643639D}.Release|Any CPU.ActiveCfg = Release|Any CPU
		{F65771E4-D2DF-47F8-9BDC-47B27643639D}.Release|Any CPU.Build.0 = Release|Any CPU
	EndGlobalSection
	GlobalSection(SolutionProperties) = preSolution
		HideSolutionNode = FALSE
	EndGlobalSection
EndGlobal
